# THIS IS AN AUTOGENERATED FILE. DO NOT EDIT THIS FILE DIRECTLY.
# yarn lockfile v1


"@tonconnect/isomorphic-eventsource@^0.0.2":
  version "0.0.2"
  resolved "https://registry.npmjs.org/@tonconnect/isomorphic-eventsource/-/isomorphic-eventsource-0.0.2.tgz"
  integrity sha512-B4UoIjPi0QkvIzZH5fV3BQLWrqSYABdrzZQSI9sJA9aA+iC0ohOzFwVVGXanlxeDAy1bcvPbb29f6sVUk0UnnQ==
  dependencies:
    eventsource "^2.0.2"

"@tonconnect/isomorphic-fetch@^0.0.3":
  version "0.0.3"
  resolved "https://registry.npmjs.org/@tonconnect/isomorphic-fetch/-/isomorphic-fetch-0.0.3.tgz"
  integrity sha512-jIg5nTrDwnite4fXao3dD83eCpTvInTjZon/rZZrIftIegh4XxyVb5G2mpMqXrVGk1e8SVXm3Kj5OtfMplQs0w==
  dependencies:
    node-fetch "^2.6.9"

"@tonconnect/protocol@^2.2.6":
  version "2.2.6"
  resolved "https://registry.npmjs.org/@tonconnect/protocol/-/protocol-2.2.6.tgz"
  integrity sha512-kyoDz5EqgsycYP+A+JbVsAUYHNT059BCrK+m0pqxykMODwpziuSAXfwAZmHcg8v7NB9VKYbdFY55xKeXOuEd0w==
  dependencies:
    tweetnacl "^1.0.3"
    tweetnacl-util "^0.15.1"

"@tonconnect/sdk@3.0.5":
  version "3.0.5"
  resolved "https://registry.npmjs.org/@tonconnect/sdk/-/sdk-3.0.5.tgz"
  integrity sha512-ow0qnN4s3iQ/r2uXobZ7YzdQBtan/36CgCT9IP35G07g38UxsUXwzw8ANmJTDj/JPiQcIKuYBMfIwIX9zLM0wg==
  dependencies:
    "@tonconnect/isomorphic-eventsource" "^0.0.2"
    "@tonconnect/isomorphic-fetch" "^0.0.3"
    "@tonconnect/protocol" "^2.2.6"

"@tonconnect/ui@^2.0.9":
  version "2.0.9"
  resolved "https://registry.npmjs.org/@tonconnect/ui/-/ui-2.0.9.tgz"
  integrity sha512-ZxofTBf81NqrxyD0ybI8AuFHN11uKVg/00xTDFhP5FoPB8rYC7En9qE2VJ6IvwvtTpmh8jspi2ancOHUMBoCQA==
  dependencies:
    "@tonconnect/sdk" "3.0.5"
    classnames "^2.3.2"
    deepmerge "^4.2.2"
    ua-parser-js "^1.0.35"

"@types/node@^22.7.4":
  version "22.7.4"
  resolved "https://registry.npmjs.org/@types/node/-/node-22.7.4.tgz"
  integrity sha512-y+NPi1rFzDs1NdQHHToqeiX2TIS79SWEAw9GYhkkx8bD0ChpfqC+n2j5OXOCpzfojBEBt6DnEnnG9MY0zk1XLg==
  dependencies:
    undici-types "~6.19.2"

base64-js@^1.3.1:
  version "1.5.1"
  resolved "https://registry.npmjs.org/base64-js/-/base64-js-1.5.1.tgz"
  integrity sha512-AKpaYlHn8t4SVbOHCy+b5+KKgvR4vrsD8vbvrbiQJps7fKDTkjkDry6ji0rUJjC0kzbNePLwzxq8iypo41qeWA==

buffer@^6.0.3:
  version "6.0.3"
  resolved "https://registry.npmjs.org/buffer/-/buffer-6.0.3.tgz"
  integrity sha512-FTiCpNxtwiZZHEZbcbTIcZjERVICn9yq/pDFkTl95/AxzD1naBctN7YO68riM/gLSDY7sdrMby8hofADYuuqOA==
  dependencies:
    base64-js "^1.3.1"
    ieee754 "^1.2.1"

classnames@^2.3.2:
  version "2.5.1"
  resolved "https://registry.npmjs.org/classnames/-/classnames-2.5.1.tgz"
  integrity sha512-saHYOzhIQs6wy2sVxTM6bUDsQO4F50V9RQ22qBpEdCW+I+/Wmke2HOl6lS6dTpdxVhb88/I6+Hs+438c3lfUow==

crypto-es@^1.2.7:
  version "1.2.7"
  resolved "https://registry.npmjs.org/crypto-es/-/crypto-es-1.2.7.tgz"
  integrity sha512-UUqiVJ2gUuZFmbFsKmud3uuLcNP2+Opt+5ysmljycFCyhA0+T16XJmo1ev/t5kMChMqWh7IEvURNCqsg+SjZGQ==

crypto-js@^4.2.0:
  version "4.2.0"
  resolved "https://registry.npmjs.org/crypto-js/-/crypto-js-4.2.0.tgz"
  integrity sha512-KALDyEYgpY+Rlob/iriUtjV6d5Eq+Y191A5g4UqLAi8CyGP9N1+FdVbkc1SxKc2r4YAYqG8JzO2KGL+AizD70Q==

decimal.js@^10.4.3:
  version "10.4.3"
  resolved "https://registry.npmjs.org/decimal.js/-/decimal.js-10.4.3.tgz"
  integrity sha512-VBBaLc1MgL5XpzgIP7ny5Z6Nx3UrRkIViUkPUdtl9aya5amy3De1gsUUSB1g3+3sExYNjCAsAznmukyxCb1GRA==

deepmerge@^4.2.2:
  version "4.3.1"
  resolved "https://registry.npmjs.org/deepmerge/-/deepmerge-4.3.1.tgz"
  integrity sha512-3sUqbMEc77XqpdNO7FRyRog+eW3ph+GYCbj+rK+uYyRMuwsVy0rMiVtPn+QJlKFvWP/1PYpapqYn0Me2knFn+A==

eventsource@^2.0.2:
  version "2.0.2"
  resolved "https://registry.npmjs.org/eventsource/-/eventsource-2.0.2.tgz"
  integrity sha512-IzUmBGPR3+oUG9dUeXynyNmf91/3zUSJg1lCktzKw47OXuhco54U3r9B7O4XX+Rb1Itm9OZ2b0RkTs10bICOxA==

ieee754@^1.2.1:
  version "1.2.1"
  resolved "https://registry.npmjs.org/ieee754/-/ieee754-1.2.1.tgz"
  integrity sha512-dcyqhDvX1C46lXZcVqCpK+FtMRQVdIMN6/Df5js2zouUsqG7I6sFxitIC+7KYK29KdXOLHdu9zL4sFnoVQnqaA==

install@^0.13.0:
  version "0.13.0"
  resolved "https://registry.npmjs.org/install/-/install-0.13.0.tgz"
  integrity sha512-zDml/jzr2PKU9I8J/xyZBQn8rPCAY//UOYNmR01XwNwyfhEWObo2SWfSl1+0tm1u6PhxLwDnfsT/6jB7OUxqFA==

node-fetch@^2.6.9:
  version "2.7.0"
  resolved "https://registry.npmjs.org/node-fetch/-/node-fetch-2.7.0.tgz"
  integrity sha512-c4FRfUm/dbcWZ7U+1Wq0AwCyFL+3nt2bEw05wfxSz+DWpWsitgmSgYmy2dQdWyKC1694ELPqMs/YzUSNozLt8A==
  dependencies:
    whatwg-url "^5.0.0"

node-forge@^1.3.1:
  version "1.3.1"
  resolved "https://registry.npmjs.org/node-forge/-/node-forge-1.3.1.tgz"
  integrity sha512-dPEtOeMvF9VMcYV/1Wb8CPoVAXtp6MKMlcbAt4ddqmGqUJ6fQZFXkNZNkNlfevtNkGtaSoXf/vNNNSvgrdXwtA==

qrcode-generator@^1.4.4:
  version "1.4.4"
  resolved "https://registry.npmjs.org/qrcode-generator/-/qrcode-generator-1.4.4.tgz"
  integrity sha512-HM7yY8O2ilqhmULxGMpcHSF1EhJJ9yBj8gvDEuZ6M+KGJ0YY2hKpnXvRD+hZPLrDVck3ExIGhmPtSdcjC+guuw==

tr46@~0.0.3:
  version "0.0.3"
  resolved "https://registry.npmjs.org/tr46/-/tr46-0.0.3.tgz"
  integrity sha512-N3WMsuqV66lT30CrXNbEjx4GEwlow3v6rr4mCcv6prnfwhS01rkgyFdjPNBYd9br7LpXV1+Emh01fHnq2Gdgrw==

tweetnacl-util@^0.15.1:
  version "0.15.1"
  resolved "https://registry.npmjs.org/tweetnacl-util/-/tweetnacl-util-0.15.1.tgz"
  integrity sha512-RKJBIj8lySrShN4w6i/BonWp2Z/uxwC3h4y7xsRrpP59ZboCd0GpEVsOnMDYLMmKBpYhb5TgHzZXy7wTfYFBRw==

tweetnacl@^1.0.3:
  version "1.0.3"
  resolved "https://registry.npmjs.org/tweetnacl/-/tweetnacl-1.0.3.tgz"
  integrity sha512-6rt+RN7aOi1nGMyC4Xa5DdYiukl2UWCbcJft7YhxReBGQD7OAM8Pbxw6YMo4r2diNEA8FEmu32YOn9rhaiE5yw==

ua-parser-js@^1.0.35:
  version "1.0.39"
  resolved "https://registry.npmjs.org/ua-parser-js/-/ua-parser-js-1.0.39.tgz"
  integrity sha512-k24RCVWlEcjkdOxYmVJgeD/0a1TiSpqLg+ZalVGV9lsnr4yqu0w7tX/x2xX6G4zpkgQnRf89lxuZ1wsbjXM8lw==

undici-types@~6.19.2:
  version "6.19.8"
  resolved "https://registry.npmjs.org/undici-types/-/undici-types-6.19.8.tgz"
  integrity sha512-ve2KP6f/JnbPBFyobGHuerC9g1FYGn/F8n1LWTwNxCEzd6IfqTwUQcNXgEtmmQ6DlRrC1hrSrBnCZPokRrDHjw==

webidl-conversions@^3.0.0:
  version "3.0.1"
  resolved "https://registry.npmjs.org/webidl-conversions/-/webidl-conversions-3.0.1.tgz"
  integrity sha512-2JAn3z8AR6rjK8Sm8orRC0h/bcl/DqL7tRPdGZ4I1CjdF+EaMLmYxBHyXuKL849eucPFhvBoxMsflfOb8kxaeQ==

whatwg-url@^5.0.0:
  version "5.0.0"
  resolved "https://registry.npmjs.org/whatwg-url/-/whatwg-url-5.0.0.tgz"
  integrity sha512-saE57nupxk6v3HY35+jzBwYa0rKSy0XR8JSxZPwgLr7ys0IBzhGviA1/TUGJLmSVqs8pb9AnvICXEuOHLprYTw==
  dependencies:
    tr46 "~0.0.3"
    webidl-conversions "^3.0.0"
